
Microsoft Visual Studio Solution File, Format Version 12.00
# Visual Studio Version 17
VisualStudioVersion = 17.9.34607.119
MinimumVisualStudioVersion = 10.0.40219.1
Project("{FAE04EC0-301F-11D3-BF4B-00C04F79EFBC}") = "AspnetCoreRazor", "AspnetCoreRazor.csproj", "{25413BE1-ED25-4185-9C2D-BE88242848FF}"
EndProject
Global
	GlobalSection(SolutionConfigurationPlatforms) = preSolution
		Debug|Any CPU = Debug|Any CPU
		Release|Any CPU = Release|Any CPU
	EndGlobalSection
	GlobalSection(ProjectConfigurationPlatforms) = postSolution
		{25413BE1-ED25-4185-9C2D-BE88242848FF}.Debug|Any CPU.ActiveCfg = Debug|Any CPU
		{25413BE1-ED25-4185-9C2D-BE88242848FF}.Debug|Any CPU.Build.0 = Debug|Any CPU
		{25413BE1-ED25-4185-9C2D-BE88242848FF}.Release|Any CPU.ActiveCfg = Release|Any CPU
		{25413BE1-ED25-4185-9C2D-BE88242848FF}.Release|Any CPU.Build.0 = Release|Any CPU
	EndGlobalSection
	GlobalSection(SolutionProperties) = preSolution
		HideSolutionNode = FALSE
	EndGlobalSection
	GlobalSection(ExtensibilityGlobals) = postSolution
		SolutionGuid = {70979BD0-031C-4C10-9097-7BAB77A13965}
	EndGlobalSection
EndGlobal
